<?xml version="1.0" encoding="utf-8"?>
<Project ToolsVersion="4.0" xmlns="http://schemas.microsoft.com/developer/msbuild/2003">
  <ItemGroup>
    <Filter Include="Headers">
      <UniqueIdentifier>{02ba266a-df5a-46af-b002-84694c1b360d}</UniqueIdentifier>
    </Filter>
    <Filter Include="Sources">
      <UniqueIdentifier>{e8b011f3-63f8-4d76-963a-d25f49242089}</UniqueIdentifier>
    </Filter>
  </ItemGroup>
  <ItemGroup>
    <ClInclude Include="Inc\VanillaMattersClasses.h">
      <Filter>Headers</Filter>
    </ClInclude>
    <ClInclude Include="Src\VanillaMattersPrivate.h">
      <Filter>Sources</Filter>
    </ClInclude>
    <ClInclude Include="Inc\robin_hood.h">
      <Filter>Headers</Filter>
    </ClInclude>
    <ClInclude Include="Inc\Table.h">
      <Filter>Headers</Filter>
    </ClInclude>
    <ClInclude Include="Inc\Utilities.h">
      <Filter>Headers</Filter>
    </ClInclude>
  </ItemGroup>
  <ItemGroup>
    <ClCompile Include="Src\Table.cpp">
      <Filter>Sources</Filter>
    </ClCompile>
    <ClCompile Include="Src\VanillaMatters.cpp">
      <Filter>Sources</Filter>
    </ClCompile>
  </ItemGroup>
</Project>